{
  "requires": true,
  "lockfileVersion": 1,
  "dependencies": {
    "@ionic/angular": {
      "version": "5.8.5",
      "resolved": "https://registry.npmjs.org/@ionic/angular/-/angular-5.8.5.tgz",
      "integrity": "sha512-GJovOQffrE7V9VFoHOaFoaq55nokvSi8CGMoRy3wTHY4T0zqCsD/ooVXsY+R2Km3bdsnO/g6KuJM/Ep4I8ksTg==",
      "requires": {
        "@ionic/core": "5.8.5",
        "tslib": "^1.9.3"
      }
    },
    "@ionic/core": {
      "version": "5.8.5",
      "resolved": "https://registry.npmjs.org/@ionic/core/-/core-5.8.5.tgz",
      "integrity": "sha512-KUT3kKcON606FBJBZcAZn2c62OfPhVR/LQO260FH3znUmpZbqD2/Zm1LOTCxluiG9H6UIe8TVo9n8BgsKxCygA==",
      "requires": {
        "@stencil/core": "^2.4.0",
        "ionicons": "^5.5.3",
        "tslib": "^2.1.0"
      },
      "dependencies": {
        "tslib": {
          "version": "2.3.1",
          "resolved": "https://registry.npmjs.org/tslib/-/tslib-2.3.1.tgz",
          "integrity": "sha512-77EbyPPpMz+FRFRuAFlWMtmgUWGe9UOG2Z25NqCwiIjRhOf5iKGuzSe5P2w1laq+FkRy4p+PCuVkJSGkzTEKVw=="
        }
      }
    },
    "@stencil/core": {
      "version": "2.10.0",
      "resolved": "https://registry.npmjs.org/@stencil/core/-/core-2.10.0.tgz",
      "integrity": "sha512-15rWMTPQ/sp0lSV82HVCXkIya3QLN+uBl7pqK4JnTrp4HiLrzLmNbWjbvgCs55gw0lULbCIGbRIEsFz+Pe/Q+A=="
    },
    "ionicons": {
      "version": "5.5.4",
      "resolved": "https://registry.npmjs.org/ionicons/-/ionicons-5.5.4.tgz",
      "integrity": "sha512-3ph8X9my3inhabWEZ7N0XRA0MnnNQ1v9a602mLNgWsIXnxE9G5BybIZ/pws/OZZ/hoNlvSjk801N03yL9/FNgQ==",
      "requires": {
        "@stencil/core": "~2.10.0"
      }
    },
    "tslib": {
      "version": "1.14.1",
      "resolved": "https://registry.npmjs.org/tslib/-/tslib-1.14.1.tgz",
      "integrity": "sha512-Xni35NKzjgMrwevysHTCArtLDpPvye8zV/0E4EyYn43P7/7qvQwPh9BGkHewbMulVntbigmcT7rdX3BNo9wRJg=="
    }
  }
}
